// !$*UTF8*$!
{
	archiveVersion = 1;
	classes = {
	};
	objectVersion = 56;
	objects = {

/* Begin PBXBuildFile section */
		C3D4ADCF2C593B6800D7FC4C /* Glow_TextApp.swift in Sources */ = {isa = PBXBuildFile; fileRef = C3D4ADCE2C593B6800D7FC4C /* Glow_TextApp.swift */; };
		C3D4ADD12C593B6800D7FC4C /* ContentView.swift in Sources */ = {isa = PBXBuildFile; fileRef = C3D4ADD02C593B6800D7FC4C /* ContentView.swift */; };
		C3D4ADD32C593B6900D7FC4C /* Assets.xcassets in Resources */ = {isa = PBXBuildFile; fileRef = C3D4ADD22C593B6900D7FC4C /* Assets.xcassets */; };
		C3D4ADD62C593B6900D7FC4C /* Preview Assets.xcassets in Resources */ = {isa = PBXBuildFile; fileRef = C3D4ADD52C593B6900D7FC4C /* Preview Assets.xcassets */; };
		C3D4ADE02C593B6900D7FC4C /* Glow_TextTests.swift in Sources */ = {isa = PBXBuildFile; fileRef = C3D4ADDF2C593B6900D7FC4C /* Glow_TextTests.swift */; };
		C3D4ADEA2C593B6900D7FC4C /* Glow_TextUITests.swift in Sources */ = {isa = PBXBuildFile; fileRef = C3D4ADE92C593B6900D7FC4C /* Glow_TextUITests.swift */; };
		C3D4ADEC2C593B6900D7FC4C /* Glow_TextUITestsLaunchTests.swift in Sources */ = {isa = PBXBuildFile; fileRef = C3D4ADEB2C593B6900D7FC4C /* Glow_TextUITestsLaunchTests.swift */; };
/* End PBXBuildFile section */

/* Begin PBXContainerItemProxy section */
		C3D4ADDC2C593B6900D7FC4C /* PBXContainerItemProxy */ = {
			isa = PBXContainerItemProxy;
			containerPortal = C3D4ADC32C593B6800D7FC4C /* Project object */;
			proxyType = 1;
			remoteGlobalIDString = C3D4ADCA2C593B6800D7FC4C;
			remoteInfo = "Glow Text";
		};
		C3D4ADE62C593B6900D7FC4C /* PBXContainerItemProxy */ = {
			isa = PBXContainerItemProxy;
			containerPortal = C3D4ADC32C593B6800D7FC4C /* Project object */;
			proxyType = 1;
			remoteGlobalIDString = C3D4ADCA2C593B6800D7FC4C;
			remoteInfo = "Glow Text";
		};
/* End PBXContainerItemProxy section */

/* Begin PBXFileReference section */
		C3D4ADCB2C593B6800D7FC4C /* Glow Text.app */ = {isa = PBXFileReference; explicitFileType = wrapper.application; includeInIndex = 0; path = "Glow Text.app"; sourceTree = BUILT_PRODUCTS_DIR; };
		C3D4ADCE2C593B6800D7FC4C /* Glow_TextApp.swift */ = {isa = PBXFileReference; lastKnownFileType = sourcecode.swift; path = Glow_TextApp.swift; sourceTree = "<group>"; };
		C3D4ADD02C593B6800D7FC4C /* ContentView.swift */ = {isa = PBXFileReference; lastKnownFileType = sourcecode.swift; path = ContentView.swift; sourceTree = "<group>"; };
		C3D4ADD22C593B6900D7FC4C /* Assets.xcassets */ = {isa = PBXFileReference; lastKnownFileType = folder.assetcatalog; path = Assets.xcassets; sourceTree = "<group>"; };
		C3D4ADD52C593B6900D7FC4C /* Preview Assets.xcassets */ = {isa = PBXFileReference; lastKnownFileType = folder.assetcatalog; path = "Preview Assets.xcassets"; sourceTree = "<group>"; };
		C3D4ADDB2C593B6900D7FC4C /* Glow TextTests.xctest */ = {isa = PBXFileReference; explicitFileType = wrapper.cfbundle; includeInIndex = 0; path = "Glow TextTests.xctest"; sourceTree = BUILT_PRODUCTS_DIR; };
		C3D4ADDF2C593B6900D7FC4C /* Glow_TextTests.swift */ = {isa = PBXFileReference; lastKnownFileType = sourcecode.swift; path = Glow_TextTests.swift; sourceTree = "<group>"; };
		C3D4ADE52C593B6900D7FC4C /* Glow TextUITests.xctest */ = {isa = PBXFileReference; explicitFileType = wrapper.cfbundle; includeInIndex = 0; path = "Glow TextUITests.xctest"; sourceTree = BUILT_PRODUCTS_DIR; };
		C3D4ADE92C593B6900D7FC4C /* Glow_TextUITests.swift */ = {isa = PBXFileReference; lastKnownFileType = sourcecode.swift; path = Glow_TextUITests.swift; sourceTree = "<group>"; };
		C3D4ADEB2C593B6900D7FC4C /* Glow_TextUITestsLaunchTests.swift */ = {isa = PBXFileReference; lastKnownFileType = sourcecode.swift; path = Glow_TextUITestsLaunchTests.swift; sourceTree = "<group>"; };
/* End PBXFileReference section */

/* Begin PBXFrameworksBuildPhase section */
		C3D4ADC82C593B6800D7FC4C /* Frameworks */ = {
			isa = PBXFrameworksBuildPhase;
			buildActionMask = 2147483647;
			files = (
			);
			runOnlyForDeploymentPostprocessing = 0;
		};
		C3D4ADD82C593B6900D7FC4C /* Frameworks */ = {
			isa = PBXFrameworksBuildPhase;
			buildActionMask = 2147483647;
			files = (
			);
			runOnlyForDeploymentPostprocessing = 0;
		};
		C3D4ADE22C593B6900D7FC4C /* Frameworks */ = {
			isa = PBXFrameworksBuildPhase;
			buildActionMask = 2147483647;
			files = (
			);
			runOnlyForDeploymentPostprocessing = 0;
		};
/* End PBXFrameworksBuildPhase section */

/* Begin PBXGroup section */
		C3D4ADC22C593B6800D7FC4C = {
			isa = PBXGroup;
			children = (
				C3D4ADCD2C593B6800D7FC4C /* Glow Text */,
				C3D4ADDE2C593B6900D7FC4C /* Glow TextTests */,
				C3D4ADE82C593B6900D7FC4C /* Glow TextUITests */,
				C3D4ADCC2C593B6800D7FC4C /* Products */,
			);
			sourceTree = "<group>";
		};
		C3D4ADCC2C593B6800D7FC4C /* Products */ = {
			isa = PBXGroup;
			children = (
				C3D4ADCB2C593B6800D7FC4C /* Glow Text.app */,
				C3D4ADDB2C593B6900D7FC4C /* Glow TextTests.xctest */,
				C3D4ADE52C593B6900D7FC4C /* Glow TextUITests.xctest */,
			);
			name = Products;
			sourceTree = "<group>";
		};
		C3D4ADCD2C593B6800D7FC4C /* Glow Text */ = {
			isa = PBXGroup;
			children = (
				C3D4ADCE2C593B6800D7FC4C /* Glow_TextApp.swift */,
				C3D4ADD02C593B6800D7FC4C /* ContentView.swift */,
				C3D4ADD22C593B6900D7FC4C /* Assets.xcassets */,
				C3D4ADD42C593B6900D7FC4C /* Preview Content */,
			);
			path = "Glow Text";
			sourceTree = "<group>";
		};
		C3D4ADD42C593B6900D7FC4C /* Preview Content */ = {
			isa = PBXGroup;
			children = (
				C3D4ADD52C593B6900D7FC4C /* Preview Assets.xcassets */,
			);
			path = "Preview Content";
			sourceTree = "<group>";
		};
		C3D4ADDE2C593B6900D7FC4C /* Glow TextTests */ = {
			isa = PBXGroup;
			children = (
				C3D4ADDF2C593B6900D7FC4C /* Glow_TextTests.swift */,
			);
			path = "Glow TextTests";
			sourceTree = "<group>";
		};
		C3D4ADE82C593B6900D7FC4C /* Glow TextUITests */ = {
			isa = PBXGroup;
			children = (
				C3D4ADE92C593B6900D7FC4C /* Glow_TextUITests.swift */,
				C3D4ADEB2C593B6900D7FC4C /* Glow_TextUITestsLaunchTests.swift */,
			);
			path = "Glow TextUITests";
			sourceTree = "<group>";
		};
/* End PBXGroup section */

/* Begin PBXNativeTarget section */
		C3D4ADCA2C593B6800D7FC4C /* Glow Text */ = {
			isa = PBXNativeTarget;
			buildConfigurationList = C3D4ADEF2C593B6900D7FC4C /* Build configuration list for PBXNativeTarget "Glow Text" */;
			buildPhases = (
				C3D4ADC72C593B6800D7FC4C /* Sources */,
				C3D4ADC82C593B6800D7FC4C /* Frameworks */,
				C3D4ADC92C593B6800D7FC4C /* Resources */,
			);
			buildRules = (
			);
			dependencies = (
			);
			name = "Glow Text";
			productName = "Glow Text";
			productReference = C3D4ADCB2C593B6800D7FC4C /* Glow Text.app */;
			productType = "com.apple.product-type.application";
		};
		C3D4ADDA2C593B6900D7FC4C /* Glow TextTests */ = {
			isa = PBXNativeTarget;
			buildConfigurationList = C3D4ADF22C593B6900D7FC4C /* Build configuration list for PBXNativeTarget "Glow TextTests" */;
			buildPhases = (
				C3D4ADD72C593B6900D7FC4C /* Sources */,
				C3D4ADD82C593B6900D7FC4C /* Frameworks */,
				C3D4ADD92C593B6900D7FC4C /* Resources */,
			);
			buildRules = (
			);
			dependencies = (
				C3D4ADDD2C593B6900D7FC4C /* PBXTargetDependency */,
			);
			name = "Glow TextTests";
			productName = "Glow TextTests";
			productReference = C3D4ADDB2C593B6900D7FC4C /* Glow TextTests.xctest */;
			productType = "com.apple.product-type.bundle.unit-test";
		};
		C3D4ADE42C593B6900D7FC4C /* Glow TextUITests */ = {
			isa = PBXNativeTarget;
			buildConfigurationList = C3D4ADF52C593B6900D7FC4C /* Build configuration list for PBXNativeTarget "Glow TextUITests" */;
			buildPhases = (
				C3D4ADE12C593B6900D7FC4C /* Sources */,
				C3D4ADE22C593B6900D7FC4C /* Frameworks */,
				C3D4ADE32C593B6900D7FC4C /* Resources */,
			);
			buildRules = (
			);
			dependencies = (
				C3D4ADE72C593B6900D7FC4C /* PBXTargetDependency */,
			);
			name = "Glow TextUITests";
			productName = "Glow TextUITests";
			productReference = C3D4ADE52C593B6900D7FC4C /* Glow TextUITests.xctest */;
			productType = "com.apple.product-type.bundle.ui-testing";
		};
/* End PBXNativeTarget section */

/* Begin PBXProject section */
		C3D4ADC32C593B6800D7FC4C /* Project object */ = {
			isa = PBXProject;
			attributes = {
				BuildIndependentTargetsInParallel = 1;
				LastSwiftUpdateCheck = 1540;
				LastUpgradeCheck = 1540;
				TargetAttributes = {
					C3D4ADCA2C593B6800D7FC4C = {
						CreatedOnToolsVersion = 15.4;
					};
					C3D4ADDA2C593B6900D7FC4C = {
						CreatedOnToolsVersion = 15.4;
						TestTargetID = C3D4ADCA2C593B6800D7FC4C;
					};
					C3D4ADE42C593B6900D7FC4C = {
						CreatedOnToolsVersion = 15.4;
						TestTargetID = C3D4ADCA2C593B6800D7FC4C;
					};
				};
			};
			buildConfigurationList = C3D4ADC62C593B6800D7FC4C /* Build configuration list for PBXProject "Glow Text" */;
			compatibilityVersion = "Xcode 14.0";
			developmentRegion = en;
			hasScannedForEncodings = 0;
			knownRegions = (
				en,
				Base,
			);
			mainGroup = C3D4ADC22C593B6800D7FC4C;
			productRefGroup = C3D4ADCC2C593B6800D7FC4C /* Products */;
			projectDirPath = "";
			projectRoot = "";
			targets = (
				C3D4ADCA2C593B6800D7FC4C /* Glow Text */,
				C3D4ADDA2C593B6900D7FC4C /* Glow TextTests */,
				C3D4ADE42C593B6900D7FC4C /* Glow TextUITests */,
			);
		};
/* End PBXProject section */

/* Begin PBXResourcesBuildPhase section */
		C3D4ADC92C593B6800D7FC4C /* Resources */ = {
			isa = PBXResourcesBuildPhase;
			buildActionMask = 2147483647;
			files = (
				C3D4ADD62C593B6900D7FC4C /* Preview Assets.xcassets in Resources */,
				C3D4ADD32C593B6900D7FC4C /* Assets.xcassets in Resources */,
			);
			runOnlyForDeploymentPostprocessing = 0;
		};
		C3D4ADD92C593B6900D7FC4C /* Resources */ = {
			isa = PBXResourcesBuildPhase;
			buildActionMask = 2147483647;
			files = (
			);
			runOnlyForDeploymentPostprocessing = 0;
		};
		C3D4ADE32C593B6900D7FC4C /* Resources */ = {
			isa = PBXResourcesBuildPhase;
			buildActionMask = 2147483647;
			files = (
			);
			runOnlyForDeploymentPostprocessing = 0;
		};
/* End PBXResourcesBuildPhase section */

/* Begin PBXSourcesBuildPhase section */
		C3D4ADC72C593B6800D7FC4C /* Sources */ = {
			isa = PBXSourcesBuildPhase;
			buildActionMask = 2147483647;
			files = (
				C3D4ADD12C593B6800D7FC4C /* ContentView.swift in Sources */,
				C3D4ADCF2C593B6800D7FC4C /* Glow_TextApp.swift in Sources */,
			);
			runOnlyForDeploymentPostprocessing = 0;
		};
		C3D4ADD72C593B6900D7FC4C /* Sources */ = {
			isa = PBXSourcesBuildPhase;
			buildActionMask = 2147483647;
			files = (
				C3D4ADE02C593B6900D7FC4C /* Glow_TextTests.swift in Sources */,
			);
			runOnlyForDeploymentPostprocessing = 0;
		};
		C3D4ADE12C593B6900D7FC4C /* Sources */ = {
			isa = PBXSourcesBuildPhase;
			buildActionMask = 2147483647;
			files = (
				C3D4ADEC2C593B6900D7FC4C /* Glow_TextUITestsLaunchTests.swift in Sources */,
				C3D4ADEA2C593B6900D7FC4C /* Glow_TextUITests.swift in Sources */,
			);
			runOnlyForDeploymentPostprocessing = 0;
		};
/* End PBXSourcesBuildPhase section */

/* Begin PBXTargetDependency section */
		C3D4ADDD2C593B6900D7FC4C /* PBXTargetDependency */ = {
			isa = PBXTargetDependency;
			target = C3D4ADCA2C593B6800D7FC4C /* Glow Text */;
			targetProxy = C3D4ADDC2C593B6900D7FC4C /* PBXContainerItemProxy */;
		};
		C3D4ADE72C593B6900D7FC4C /* PBXTargetDependency */ = {
			isa = PBXTargetDependency;
			target = C3D4ADCA2C593B6800D7FC4C /* Glow Text */;
			targetProxy = C3D4ADE62C593B6900D7FC4C /* PBXContainerItemProxy */;
		};
/* End PBXTargetDependency section */

/* Begin XCBuildConfiguration section */
		C3D4ADED2C593B6900D7FC4C /* Debug */ = {
			isa = XCBuildConfiguration;
			buildSettings = {
				ALWAYS_SEARCH_USER_PATHS = NO;
				ASSETCATALOG_COMPILER_GENERATE_SWIFT_ASSET_SYMBOL_EXTENSIONS = YES;
				CLANG_ANALYZER_NONNULL = YES;
				CLANG_ANALYZER_NUMBER_OBJECT_CONVERSION = YES_AGGRESSIVE;
				CLANG_CXX_LANGUAGE_STANDARD = "gnu++20";
				CLANG_ENABLE_MODULES = YES;
				CLANG_ENABLE_OBJC_ARC = YES;
				CLANG_ENABLE_OBJC_WEAK = YES;
				CLANG_WARN_BLOCK_CAPTURE_AUTORELEASING = YES;
				CLANG_WARN_BOOL_CONVERSION = YES;
				CLANG_WARN_COMMA = YES;
				CLANG_WARN_CONSTANT_CONVERSION = YES;
				CLANG_WARN_DEPRECATED_OBJC_IMPLEMENTATIONS = YES;
				CLANG_WARN_DIRECT_OBJC_ISA_USAGE = YES_ERROR;
				CLANG_WARN_DOCUMENTATION_COMMENTS = YES;
				CLANG_WARN_EMPTY_BODY = YES;
				CLANG_WARN_ENUM_CONVERSION = YES;
				CLANG_WARN_INFINITE_RECURSION = YES;
				CLANG_WARN_INT_CONVERSION = YES;
				CLANG_WARN_NON_LITERAL_NULL_CONVERSION = YES;
				CLANG_WARN_OBJC_IMPLICIT_RETAIN_SELF = YES;
				CLANG_WARN_OBJC_LITERAL_CONVERSION = YES;
				CLANG_WARN_OBJC_ROOT_CLASS = YES_ERROR;
				CLANG_WARN_QUOTED_INCLUDE_IN_FRAMEWORK_HEADER = YES;
				CLANG_WARN_RANGE_LOOP_ANALYSIS = YES;
				CLANG_WARN_STRICT_PROTOTYPES = YES;
				CLANG_WARN_SUSPICIOUS_MOVE = YES;
				CLANG_WARN_UNGUARDED_AVAILABILITY = YES_AGGRESSIVE;
				CLANG_WARN_UNREACHABLE_CODE = YES;
				CLANG_WARN__DUPLICATE_METHOD_MATCH = YES;
				COPY_PHASE_STRIP = NO;
				DEBUG_INFORMATION_FORMAT = dwarf;
				ENABLE_STRICT_OBJC_MSGSEND = YES;
				ENABLE_TESTABILITY = YES;
				ENABLE_USER_SCRIPT_SANDBOXING = YES;
				GCC_C_LANGUAGE_STANDARD = gnu17;
				GCC_DYNAMIC_NO_PIC = NO;
				GCC_NO_COMMON_BLOCKS = YES;
				GCC_OPTIMIZATION_LEVEL = 0;
				GCC_PREPROCESSOR_DEFINITIONS = (
					"DEBUG=1",
					"$(inherited)",
				);
				GCC_WARN_64_TO_32_BIT_CONVERSION = YES;
				GCC_WARN_ABOUT_RETURN_TYPE = YES_ERROR;
				GCC_WARN_UNDECLARED_SELECTOR = YES;
				GCC_WARN_UNINITIALIZED_AUTOS = YES_AGGRESSIVE;
				GCC_WARN_UNUSED_FUNCTION = YES;
				GCC_WARN_UNUSED_VARIABLE = YES;
				IPHONEOS_DEPLOYMENT_TARGET = 17.5;
				LOCALIZATION_PREFERS_STRING_CATALOGS = YES;
				MTL_ENABLE_DEBUG_INFO = INCLUDE_SOURCE;
				MTL_FAST_MATH = YES;
				ONLY_ACTIVE_ARCH = YES;
				SDKROOT = iphoneos;
				SWIFT_ACTIVE_COMPILATION_CONDITIONS = "DEBUG $(inherited)";
				SWIFT_OPTIMIZATION_LEVEL = "-Onone";
			};
			name = Debug;
		};
		C3D4ADEE2C593B6900D7FC4C /* Release */ = {
			isa = XCBuildConfiguration;
			buildSettings = {
				ALWAYS_SEARCH_USER_PATHS = NO;
				ASSETCATALOG_COMPILER_GENERATE_SWIFT_ASSET_SYMBOL_EXTENSIONS = YES;
				CLANG_ANALYZER_NONNULL = YES;
				CLANG_ANALYZER_NUMBER_OBJECT_CONVERSION = YES_AGGRESSIVE;
				CLANG_CXX_LANGUAGE_STANDARD = "gnu++20";
				CLANG_ENABLE_MODULES = YES;
				CLANG_ENABLE_OBJC_ARC = YES;
				CLANG_ENABLE_OBJC_WEAK = YES;
				CLANG_WARN_BLOCK_CAPTURE_AUTORELEASING = YES;
				CLANG_WARN_BOOL_CONVERSION = YES;
				CLANG_WARN_COMMA = YES;
				CLANG_WARN_CONSTANT_CONVERSION = YES;
				CLANG_WARN_DEPRECATED_OBJC_IMPLEMENTATIONS = YES;
				CLANG_WARN_DIRECT_OBJC_ISA_USAGE = YES_ERROR;
				CLANG_WARN_DOCUMENTATION_COMMENTS = YES;
				CLANG_WARN_EMPTY_BODY = YES;
				CLANG_WARN_ENUM_CONVERSION = YES;
				CLANG_WARN_INFINITE_RECURSION = YES;
				CLANG_WARN_INT_CONVERSION = YES;
				CLANG_WARN_NON_LITERAL_NULL_CONVERSION = YES;
				CLANG_WARN_OBJC_IMPLICIT_RETAIN_SELF = YES;
				CLANG_WARN_OBJC_LITERAL_CONVERSION = YES;
				CLANG_WARN_OBJC_ROOT_CLASS = YES_ERROR;
				CLANG_WARN_QUOTED_INCLUDE_IN_FRAMEWORK_HEADER = YES;
				CLANG_WARN_RANGE_LOOP_ANALYSIS = YES;
				CLANG_WARN_STRICT_PROTOTYPES = YES;
				CLANG_WARN_SUSPICIOUS_MOVE = YES;
				CLANG_WARN_UNGUARDED_AVAILABILITY = YES_AGGRESSIVE;
				CLANG_WARN_UNREACHABLE_CODE = YES;
				CLANG_WARN__DUPLICATE_METHOD_MATCH = YES;
				COPY_PHASE_STRIP = NO;
				DEBUG_INFORMATION_FORMAT = "dwarf-with-dsym";
				ENABLE_NS_ASSERTIONS = NO;
				ENABLE_STRICT_OBJC_MSGSEND = YES;
				ENABLE_USER_SCRIPT_SANDBOXING = YES;
				GCC_C_LANGUAGE_STANDARD = gnu17;
				GCC_NO_COMMON_BLOCKS = YES;
				GCC_WARN_64_TO_32_BIT_CONVERSION = YES;
				GCC_WARN_ABOUT_RETURN_TYPE = YES_ERROR;
				GCC_WARN_UNDECLARED_SELECTOR = YES;
				GCC_WARN_UNINITIALIZED_AUTOS = YES_AGGRESSIVE;
				GCC_WARN_UNUSED_FUNCTION = YES;
				GCC_WARN_UNUSED_VARIABLE = YES;
				IPHONEOS_DEPLOYMENT_TARGET = 17.5;
				LOCALIZATION_PREFERS_STRING_CATALOGS = YES;
				MTL_ENABLE_DEBUG_INFO = NO;
				MTL_FAST_MATH = YES;
				SDKROOT = iphoneos;
				SWIFT_COMPILATION_MODE = wholemodule;
				VALIDATE_PRODUCT = YES;
			};
			name = Release;
		};
		C3D4ADF02C593B6900D7FC4C /* Debug */ = {
			isa = XCBuildConfiguration;
			buildSettings = {
				ASSETCATALOG_COMPILER_APPICON_NAME = AppIcon;
				ASSETCATALOG_COMPILER_GLOBAL_ACCENT_COLOR_NAME = AccentColor;
				CODE_SIGN_STYLE = Automatic;
				CURRENT_PROJECT_VERSION = 1;
				DEVELOPMENT_ASSET_PATHS = "\"Glow Text/Preview Content\"";
				DEVELOPMENT_TEAM = D326SLTCPM;
				ENABLE_PREVIEWS = YES;
				GENERATE_INFOPLIST_FILE = YES;
				INFOPLIST_KEY_UIApplicationSceneManifest_Generation = YES;
				INFOPLIST_KEY_UIApplicationSupportsIndirectInputEvents = YES;
				INFOPLIST_KEY_UILaunchScreen_Generation = YES;
				INFOPLIST_KEY_UISupportedInterfaceOrientations_iPad = "UIInterfaceOrientationPortrait UIInterfaceOrientationPortraitUpsideDown UIInterfaceOrientationLandscapeLeft UIInterfaceOrientationLandscapeRight";
				INFOPLIST_KEY_UISupportedInterfaceOrientations_iPhone = "UIInterfaceOrientationPortrait UIInterfaceOrientationLandscapeLeft UIInterfaceOrientationLandscapeRight";
				LD_RUNPATH_SEARCH_PATHS = (
					"$(inherited)",
					"@executable_path/Frameworks",
				);
				MARKETING_VERSION = 1.0;
				PRODUCT_BUNDLE_IDENTIFIER = "AppO.Glow-Text";
				PRODUCT_NAME = "$(TARGET_NAME)";
				SWIFT_EMIT_LOC_STRINGS = YES;
				SWIFT_VERSION = 5.0;
				TARGETED_DEVICE_FAMILY = "1,2";
			};
			name = Debug;
		};
		C3D4ADF12C593B6900D7FC4C /* Release */ = {
			isa = XCBuildConfiguration;
			buildSettings = {
				ASSETCATALOG_COMPILER_APPICON_NAME = AppIcon;
				ASSETCATALOG_COMPILER_GLOBAL_ACCENT_COLOR_NAME = AccentColor;
				CODE_SIGN_STYLE = Automatic;
				CURRENT_PROJECT_VERSION = 1;
				DEVELOPMENT_ASSET_PATHS = "\"Glow Text/Preview Content\"";
				DEVELOPMENT_TEAM = D326SLTCPM;
				ENABLE_PREVIEWS = YES;
				GENERATE_INFOPLIST_FILE = YES;
				INFOPLIST_KEY_UIApplicationSceneManifest_Generation = YES;
				INFOPLIST_KEY_UIApplicationSupportsIndirectInputEvents = YES;
				INFOPLIST_KEY_UILaunchScreen_Generation = YES;
				INFOPLIST_KEY_UISupportedInterfaceOrientations_iPad = "UIInterfaceOrientationPortrait UIInterfaceOrientationPortraitUpsideDown UIInterfaceOrientationLandscapeLeft UIInterfaceOrientationLandscapeRight";
				INFOPLIST_KEY_UISupportedInterfaceOrientations_iPhone = "UIInterfaceOrientationPortrait UIInterfaceOrientationLandscapeLeft UIInterfaceOrientationLandscapeRight";
				LD_RUNPATH_SEARCH_PATHS = (
					"$(inherited)",
					"@executable_path/Frameworks",
				);
				MARKETING_VERSION = 1.0;
				PRODUCT_BUNDLE_IDENTIFIER = "AppO.Glow-Text";
				PRODUCT_NAME = "$(TARGET_NAME)";
				SWIFT_EMIT_LOC_STRINGS = YES;
				SWIFT_VERSION = 5.0;
				TARGETED_DEVICE_FAMILY = "1,2";
			};
			name = Release;
		};
		C3D4ADF32C593B6900D7FC4C /* Debug */ = {
			isa = XCBuildConfiguration;
			buildSettings = {
				ALWAYS_EMBED_SWIFT_STANDARD_LIBRARIES = YES;
				BUNDLE_LOADER = "$(TEST_HOST)";
				CODE_SIGN_STYLE = Automatic;
				CURRENT_PROJECT_VERSION = 1;
				DEVELOPMENT_TEAM = D326SLTCPM;
				GENERATE_INFOPLIST_FILE = YES;
				IPHONEOS_DEPLOYMENT_TARGET = 17.5;
				MARKETING_VERSION = 1.0;
				PRODUCT_BUNDLE_IDENTIFIER = "AppO.Glow-TextTests";
				PRODUCT_NAME = "$(TARGET_NAME)";
				SWIFT_EMIT_LOC_STRINGS = NO;
				SWIFT_VERSION = 5.0;
				TARGETED_DEVICE_FAMILY = "1,2";
				TEST_HOST = "$(BUILT_PRODUCTS_DIR)/Glow Text.app/$(BUNDLE_EXECUTABLE_FOLDER_PATH)/Glow Text";
			};
			name = Debug;
		};
		C3D4ADF42C593B6900D7FC4C /* Release */ = {
			isa = XCBuildConfiguration;
			buildSettings = {
				ALWAYS_EMBED_SWIFT_STANDARD_LIBRARIES = YES;
				BUNDLE_LOADER = "$(TEST_HOST)";
				CODE_SIGN_STYLE = Automatic;
				CURRENT_PROJECT_VERSION = 1;
				DEVELOPMENT_TEAM = D326SLTCPM;
				GENERATE_INFOPLIST_FILE = YES;
				IPHONEOS_DEPLOYMENT_TARGET = 17.5;
				MARKETING_VERSION = 1.0;
				PRODUCT_BUNDLE_IDENTIFIER = "AppO.Glow-TextTests";
				PRODUCT_NAME = "$(TARGET_NAME)";
				SWIFT_EMIT_LOC_STRINGS = NO;
				SWIFT_VERSION = 5.0;
				TARGETED_DEVICE_FAMILY = "1,2";
				TEST_HOST = "$(BUILT_PRODUCTS_DIR)/Glow Text.app/$(BUNDLE_EXECUTABLE_FOLDER_PATH)/Glow Text";
			};
			name = Release;
		};
		C3D4ADF62C593B6900D7FC4C /* Debug */ = {
			isa = XCBuildConfiguration;
			buildSettings = {
				ALWAYS_EMBED_SWIFT_STANDARD_LIBRARIES = YES;
				CODE_SIGN_STYLE = Automatic;
				CURRENT_PROJECT_VERSION = 1;
				DEVELOPMENT_TEAM = D326SLTCPM;
				GENERATE_INFOPLIST_FILE = YES;
				MARKETING_VERSION = 1.0;
				PRODUCT_BUNDLE_IDENTIFIER = "AppO.Glow-TextUITests";
				PRODUCT_NAME = "$(TARGET_NAME)";
				SWIFT_EMIT_LOC_STRINGS = NO;
				SWIFT_VERSION = 5.0;
				TARGETED_DEVICE_FAMILY = "1,2";
				TEST_TARGET_NAME = "Glow Text";
			};
			name = Debug;
		};
		C3D4ADF72C593B6900D7FC4C /* Release */ = {
			isa = XCBuildConfiguration;
			buildSettings = {
				ALWAYS_EMBED_SWIFT_STANDARD_LIBRARIES = YES;
				CODE_SIGN_STYLE = Automatic;
				CURRENT_PROJECT_VERSION = 1;
				DEVELOPMENT_TEAM = D326SLTCPM;
				GENERATE_INFOPLIST_FILE = YES;
				MARKETING_VERSION = 1.0;
				PRODUCT_BUNDLE_IDENTIFIER = "AppO.Glow-TextUITests";
				PRODUCT_NAME = "$(TARGET_NAME)";
				SWIFT_EMIT_LOC_STRINGS = NO;
				SWIFT_VERSION = 5.0;
				TARGETED_DEVICE_FAMILY = "1,2";
				TEST_TARGET_NAME = "Glow Text";
			};
			name = Release;
		};
/* End XCBuildConfiguration section */

/* Begin XCConfigurationList section */
		C3D4ADC62C593B6800D7FC4C /* Build configuration list for PBXProject "Glow Text" */ = {
			isa = XCConfigurationList;
			buildConfigurations = (
				C3D4ADED2C593B6900D7FC4C /* Debug */,
				C3D4ADEE2C593B6900D7FC4C /* Release */,
			);
			defaultConfigurationIsVisible = 0;
			defaultConfigurationName = Release;
		};
		C3D4ADEF2C593B6900D7FC4C /* Build configuration list for PBXNativeTarget "Glow Text" */ = {
			isa = XCConfigurationList;
			buildConfigurations = (
				C3D4ADF02C593B6900D7FC4C /* Debug */,
				C3D4ADF12C593B6900D7FC4C /* Release */,
			);
			defaultConfigurationIsVisible = 0;
			defaultConfigurationName = Release;
		};
		C3D4ADF22C593B6900D7FC4C /* Build configuration list for PBXNativeTarget "Glow TextTests" */ = {
			isa = XCConfigurationList;
			buildConfigurations = (
				C3D4ADF32C593B6900D7FC4C /* Debug */,
				C3D4ADF42C593B6900D7FC4C /* Release */,
			);
			defaultConfigurationIsVisible = 0;
			defaultConfigurationName = Release;
		};
		C3D4ADF52C593B6900D7FC4C /* Build configuration list for PBXNativeTarget "Glow TextUITests" */ = {
			isa = XCConfigurationList;
			buildConfigurations = (
				C3D4ADF62C593B6900D7FC4C /* Debug */,
				C3D4ADF72C593B6900D7FC4C /* Release */,
			);
			defaultConfigurationIsVisible = 0;
			defaultConfigurationName = Release;
		};
/* End XCConfigurationList section */
	};
	rootObject = C3D4ADC32C593B6800D7FC4C /* Project object */;
}
